
Microsoft Visual Studio Solution File, Format Version 12.00
# Visual Studio Version 17
VisualStudioVersion = 17.8.34408.163
MinimumVisualStudioVersion = 10.0.40219.1
Project("{FAE04EC0-301F-11D3-BF4B-00C04F79EFBC}") = "ProjectWarehouse.Server", "ProjectWarehouse.Server\ProjectWarehouse.Server.csproj", "{D0CC9B6B-9DB4-4E4B-BB85-89FE746FB43A}"
EndProject
Project("{54A90642-561A-4BB1-A94E-469ADEE60C69}") = "projectwarehouse.client", "projectwarehouse.client\projectwarehouse.client.esproj", "{A36EC3F4-2C06-4AB4-ABE4-454449371A0C}"
EndProject
Global
	GlobalSection(SolutionConfigurationPlatforms) = preSolution
		Debug|Any CPU = Debug|Any CPU
		Release|Any CPU = Release|Any CPU
	EndGlobalSection
	GlobalSection(ProjectConfigurationPlatforms) = postSolution
		{D0CC9B6B-9DB4-4E4B-BB85-89FE746FB43A}.Debug|Any CPU.ActiveCfg = Debug|Any CPU
		{D0CC9B6B-9DB4-4E4B-BB85-89FE746FB43A}.Debug|Any CPU.Build.0 = Debug|Any CPU
		{D0CC9B6B-9DB4-4E4B-BB85-89FE746FB43A}.Release|Any CPU.ActiveCfg = Release|Any CPU
		{D0CC9B6B-9DB4-4E4B-BB85-89FE746FB43A}.Release|Any CPU.Build.0 = Release|Any CPU
		{A36EC3F4-2C06-4AB4-ABE4-454449371A0C}.Debug|Any CPU.ActiveCfg = Debug|Any CPU
		{A36EC3F4-2C06-4AB4-ABE4-454449371A0C}.Debug|Any CPU.Build.0 = Debug|Any CPU
		{A36EC3F4-2C06-4AB4-ABE4-454449371A0C}.Debug|Any CPU.Deploy.0 = Debug|Any CPU
		{A36EC3F4-2C06-4AB4-ABE4-454449371A0C}.Release|Any CPU.ActiveCfg = Release|Any CPU
		{A36EC3F4-2C06-4AB4-ABE4-454449371A0C}.Release|Any CPU.Build.0 = Release|Any CPU
		{A36EC3F4-2C06-4AB4-ABE4-454449371A0C}.Release|Any CPU.Deploy.0 = Release|Any CPU
	EndGlobalSection
	GlobalSection(SolutionProperties) = preSolution
		HideSolutionNode = FALSE
	EndGlobalSection
	GlobalSection(ExtensibilityGlobals) = postSolution
		SolutionGuid = {215CD3D6-3DA0-4CA5-890D-C6FB1219FFA6}
	EndGlobalSection
EndGlobal
